// !$*UTF8*$!
{
	archiveVersion = 1;
	classes = {
	};
	objectVersion = 77;
	objects = {

/* Begin PBXContainerItemProxy section */
		FCDC0A102F3BC786009A43D5 /* PBXContainerItemProxy */ = {
			isa = PBXContainerItemProxy;
			containerPortal = FCDC09F22F3BC785009A43D5 /* Project object */;
			proxyType = 1;
			remoteGlobalIDString = FCDC09F92F3BC785009A43D5;
			remoteInfo = Campus_Library;
		};
		FCDC0A1A2F3BC787009A43D5 /* PBXContainerItemProxy */ = {
			isa = PBXContainerItemProxy;
			containerPortal = FCDC09F22F3BC785009A43D5 /* Project object */;
			proxyType = 1;
			remoteGlobalIDString = FCDC09F92F3BC785009A43D5;
			remoteInfo = Campus_Library;
		};
/* End PBXContainerItemProxy section */

/* Begin PBXFileReference section */
		FCDC09FA2F3BC785009A43D5 /* Campus_Library.app */ = {isa = PBXFileReference; explicitFileType = wrapper.application; includeInIndex = 0; path = Campus_Library.app; sourceTree = BUILT_PRODUCTS_DIR; };
		FCDC0A0F2F3BC786009A43D5 /* Campus_LibraryTests.xctest */ = {isa = PBXFileReference; explicitFileType = wrapper.cfbundle; includeInIndex = 0; path = Campus_LibraryTests.xctest; sourceTree = BUILT_PRODUCTS_DIR; };
		FCDC0A192F3BC787009A43D5 /* Campus_LibraryUITests.xctest */ = {isa = PBXFileReference; explicitFileType = wrapper.cfbundle; includeInIndex = 0; path = Campus_LibraryUITests.xctest; sourceTree = BUILT_PRODUCTS_DIR; };
/* End PBXFileReference section */

/* Begin PBXFileSystemSynchronizedRootGroup section */
		FCDC09FC2F3BC785009A43D5 /* Campus_Library */ = {
			isa = PBXFileSystemSynchronizedRootGroup;
			path = Campus_Library;
			sourceTree = "<group>";
		};
		FCDC0A122F3BC786009A43D5 /* Campus_LibraryTests */ = {
			isa = PBXFileSystemSynchronizedRootGroup;
			path = Campus_LibraryTests;
			sourceTree = "<group>";
		};
		FCDC0A1C2F3BC787009A43D5 /* Campus_LibraryUITests */ = {
			isa = PBXFileSystemSynchronizedRootGroup;
			path = Campus_LibraryUITests;
			sourceTree = "<group>";
		};
/* End PBXFileSystemSynchronizedRootGroup section */

/* Begin PBXFrameworksBuildPhase section */
		FCDC09F72F3BC785009A43D5 /* Frameworks */ = {
			isa = PBXFrameworksBuildPhase;
			buildActionMask = 2147483647;
			files = (
			);
			runOnlyForDeploymentPostprocessing = 0;
		};
		FCDC0A0C2F3BC786009A43D5 /* Frameworks */ = {
			isa = PBXFrameworksBuildPhase;
			buildActionMask = 2147483647;
			files = (
			);
			runOnlyForDeploymentPostprocessing = 0;
		};
		FCDC0A162F3BC786009A43D5 /* Frameworks */ = {
			isa = PBXFrameworksBuildPhase;
			buildActionMask = 2147483647;
			files = (
			);
			runOnlyForDeploymentPostprocessing = 0;
		};
/* End PBXFrameworksBuildPhase section */

/* Begin PBXGroup section */
		FCDC09F12F3BC785009A43D5 = {
			isa = PBXGroup;
			children = (
				FCDC09FC2F3BC785009A43D5 /* Campus_Library */,
				FCDC0A122F3BC786009A43D5 /* Campus_LibraryTests */,
				FCDC0A1C2F3BC787009A43D5 /* Campus_LibraryUITests */,
				FCDC09FB2F3BC785009A43D5 /* Products */,
			);
			sourceTree = "<group>";
		};
		FCDC09FB2F3BC785009A43D5 /* Products */ = {
			isa = PBXGroup;
			children = (
				FCDC09FA2F3BC785009A43D5 /* Campus_Library.app */,
				FCDC0A0F2F3BC786009A43D5 /* Campus_LibraryTests.xctest */,
				FCDC0A192F3BC787009A43D5 /* Campus_LibraryUITests.xctest */,
			);
			name = Products;
			sourceTree = "<group>";
		};
/* End PBXGroup section */

/* Begin PBXNativeTarget section */
		FCDC09F92F3BC785009A43D5 /* Campus_Library */ = {
			isa = PBXNativeTarget;
			buildConfigurationList = FCDC0A232F3BC787009A43D5 /* Build configuration list for PBXNativeTarget "Campus_Library" */;
			buildPhases = (
				FCDC09F62F3BC785009A43D5 /* Sources */,
				FCDC09F72F3BC785009A43D5 /* Frameworks */,
				FCDC09F82F3BC785009A43D5 /* Resources */,
			);
			buildRules = (
			);
			dependencies = (
			);
			fileSystemSynchronizedGroups = (
				FCDC09FC2F3BC785009A43D5 /* Campus_Library */,
			);
			name = Campus_Library;
			packageProductDependencies = (
			);
			productName = Campus_Library;
			productReference = FCDC09FA2F3BC785009A43D5 /* Campus_Library.app */;
			productType = "com.apple.product-type.application";
		};
		FCDC0A0E2F3BC786009A43D5 /* Campus_LibraryTests */ = {
			isa = PBXNativeTarget;
			buildConfigurationList = FCDC0A262F3BC787009A43D5 /* Build configuration list for PBXNativeTarget "Campus_LibraryTests" */;
			buildPhases = (
				FCDC0A0B2F3BC786009A43D5 /* Sources */,
				FCDC0A0C2F3BC786009A43D5 /* Frameworks */,
				FCDC0A0D2F3BC786009A43D5 /* Resources */,
			);
			buildRules = (
			);
			dependencies = (
				FCDC0A112F3BC786009A43D5 /* PBXTargetDependency */,
			);
			fileSystemSynchronizedGroups = (
				FCDC0A122F3BC786009A43D5 /* Campus_LibraryTests */,
			);
			name = Campus_LibraryTests;
			packageProductDependencies = (
			);
			productName = Campus_LibraryTests;
			productReference = FCDC0A0F2F3BC786009A43D5 /* Campus_LibraryTests.xctest */;
			productType = "com.apple.product-type.bundle.unit-test";
		};
		FCDC0A182F3BC786009A43D5 /* Campus_LibraryUITests */ = {
			isa = PBXNativeTarget;
			buildConfigurationList = FCDC0A292F3BC787009A43D5 /* Build configuration list for PBXNativeTarget "Campus_LibraryUITests" */;
			buildPhases = (
				FCDC0A152F3BC786009A43D5 /* Sources */,
				FCDC0A162F3BC786009A43D5 /* Frameworks */,
				FCDC0A172F3BC786009A43D5 /* Resources */,
			);
			buildRules = (
			);
			dependencies = (
				FCDC0A1B2F3BC787009A43D5 /* PBXTargetDependency */,
			);
			fileSystemSynchronizedGroups = (
				FCDC0A1C2F3BC787009A43D5 /* Campus_LibraryUITests */,
			);
			name = Campus_LibraryUITests;
			packageProductDependencies = (
			);
			productName = Campus_LibraryUITests;
			productReference = FCDC0A192F3BC787009A43D5 /* Campus_LibraryUITests.xctest */;
			productType = "com.apple.product-type.bundle.ui-testing";
		};
/* End PBXNativeTarget section */

/* Begin PBXProject section */
		FCDC09F22F3BC785009A43D5 /* Project object */ = {
			isa = PBXProject;
			attributes = {
				BuildIndependentTargetsInParallel = 1;
				LastSwiftUpdateCheck = 1620;
				LastUpgradeCheck = 1620;
				TargetAttributes = {
					FCDC09F92F3BC785009A43D5 = {
						CreatedOnToolsVersion = 16.2;
					};
					FCDC0A0E2F3BC786009A43D5 = {
						CreatedOnToolsVersion = 16.2;
						TestTargetID = FCDC09F92F3BC785009A43D5;
					};
					FCDC0A182F3BC786009A43D5 = {
						CreatedOnToolsVersion = 16.2;
						TestTargetID = FCDC09F92F3BC785009A43D5;
					};
				};
			};
			buildConfigurationList = FCDC09F52F3BC785009A43D5 /* Build configuration list for PBXProject "Campus_Library" */;
			developmentRegion = en;
			hasScannedForEncodings = 0;
			knownRegions = (
				en,
				Base,
			);
			mainGroup = FCDC09F12F3BC785009A43D5;
			minimizedProjectReferenceProxies = 1;
			preferredProjectObjectVersion = 77;
			productRefGroup = FCDC09FB2F3BC785009A43D5 /* Products */;
			projectDirPath = "";
			projectRoot = "";
			targets = (
				FCDC09F92F3BC785009A43D5 /* Campus_Library */,
				FCDC0A0E2F3BC786009A43D5 /* Campus_LibraryTests */,
				FCDC0A182F3BC786009A43D5 /* Campus_LibraryUITests */,
			);
		};
/* End PBXProject section */

/* Begin PBXResourcesBuildPhase section */
		FCDC09F82F3BC785009A43D5 /* Resources */ = {
			isa = PBXResourcesBuildPhase;
			buildActionMask = 2147483647;
			files = (
			);
			runOnlyForDeploymentPostprocessing = 0;
		};
		FCDC0A0D2F3BC786009A43D5 /* Resources */ = {
			isa = PBXResourcesBuildPhase;
			buildActionMask = 2147483647;
			files = (
			);
			runOnlyForDeploymentPostprocessing = 0;
		};
		FCDC0A172F3BC786009A43D5 /* Resources */ = {
			isa = PBXResourcesBuildPhase;
			buildActionMask = 2147483647;
			files = (
			);
			runOnlyForDeploymentPostprocessing = 0;
		};
/* End PBXResourcesBuildPhase section */

/* Begin PBXSourcesBuildPhase section */
		FCDC09F62F3BC785009A43D5 /* Sources */ = {
			isa = PBXSourcesBuildPhase;
			buildActionMask = 2147483647;
			files = (
			);
			runOnlyForDeploymentPostprocessing = 0;
		};
		FCDC0A0B2F3BC786009A43D5 /* Sources */ = {
			isa = PBXSourcesBuildPhase;
			buildActionMask = 2147483647;
			files = (
			);
			runOnlyForDeploymentPostprocessing = 0;
		};
		FCDC0A152F3BC786009A43D5 /* Sources */ = {
			isa = PBXSourcesBuildPhase;
			buildActionMask = 2147483647;
			files = (
			);
			runOnlyForDeploymentPostprocessing = 0;
		};
/* End PBXSourcesBuildPhase section */

/* Begin PBXTargetDependency section */
		FCDC0A112F3BC786009A43D5 /* PBXTargetDependency */ = {
			isa = PBXTargetDependency;
			target = FCDC09F92F3BC785009A43D5 /* Campus_Library */;
			targetProxy = FCDC0A102F3BC786009A43D5 /* PBXContainerItemProxy */;
		};
		FCDC0A1B2F3BC787009A43D5 /* PBXTargetDependency */ = {
			isa = PBXTargetDependency;
			target = FCDC09F92F3BC785009A43D5 /* Campus_Library */;
			targetProxy = FCDC0A1A2F3BC787009A43D5 /* PBXContainerItemProxy */;
		};
/* End PBXTargetDependency section */

/* Begin XCBuildConfiguration section */
		FCDC0A212F3BC787009A43D5 /* Debug */ = {
			isa = XCBuildConfiguration;
			buildSettings = {
				ALWAYS_SEARCH_USER_PATHS = NO;
				ASSETCATALOG_COMPILER_GENERATE_SWIFT_ASSET_SYMBOL_EXTENSIONS = YES;
				CLANG_ANALYZER_NONNULL = YES;
				CLANG_ANALYZER_NUMBER_OBJECT_CONVERSION = YES_AGGRESSIVE;
				CLANG_CXX_LANGUAGE_STANDARD = "gnu++20";
				CLANG_ENABLE_MODULES = YES;
				CLANG_ENABLE_OBJC_ARC = YES;
				CLANG_ENABLE_OBJC_WEAK = YES;
				CLANG_WARN_BLOCK_CAPTURE_AUTORELEASING = YES;
				CLANG_WARN_BOOL_CONVERSION = YES;
				CLANG_WARN_COMMA = YES;
				CLANG_WARN_CONSTANT_CONVERSION = YES;
				CLANG_WARN_DEPRECATED_OBJC_IMPLEMENTATIONS = YES;
				CLANG_WARN_DIRECT_OBJC_ISA_USAGE = YES_ERROR;
				CLANG_WARN_DOCUMENTATION_COMMENTS = YES;
				CLANG_WARN_EMPTY_BODY = YES;
				CLANG_WARN_ENUM_CONVERSION = YES;
				CLANG_WARN_INFINITE_RECURSION = YES;
				CLANG_WARN_INT_CONVERSION = YES;
				CLANG_WARN_NON_LITERAL_NULL_CONVERSION = YES;
				CLANG_WARN_OBJC_IMPLICIT_RETAIN_SELF = YES;
				CLANG_WARN_OBJC_LITERAL_CONVERSION = YES;
				CLANG_WARN_OBJC_ROOT_CLASS = YES_ERROR;
				CLANG_WARN_QUOTED_INCLUDE_IN_FRAMEWORK_HEADER = YES;
				CLANG_WARN_RANGE_LOOP_ANALYSIS = YES;
				CLANG_WARN_STRICT_PROTOTYPES = YES;
				CLANG_WARN_SUSPICIOUS_MOVE = YES;
				CLANG_WARN_UNGUARDED_AVAILABILITY = YES_AGGRESSIVE;
				CLANG_WARN_UNREACHABLE_CODE = YES;
				CLANG_WARN__DUPLICATE_METHOD_MATCH = YES;
				COPY_PHASE_STRIP = NO;
				DEBUG_INFORMATION_FORMAT = dwarf;
				ENABLE_STRICT_OBJC_MSGSEND = YES;
				ENABLE_TESTABILITY = YES;
				ENABLE_USER_SCRIPT_SANDBOXING = YES;
				GCC_C_LANGUAGE_STANDARD = gnu17;
				GCC_DYNAMIC_NO_PIC = NO;
				GCC_NO_COMMON_BLOCKS = YES;
				GCC_OPTIMIZATION_LEVEL = 0;
				GCC_PREPROCESSOR_DEFINITIONS = (
					"DEBUG=1",
					"$(inherited)",
				);
				GCC_WARN_64_TO_32_BIT_CONVERSION = YES;
				GCC_WARN_ABOUT_RETURN_TYPE = YES_ERROR;
				GCC_WARN_UNDECLARED_SELECTOR = YES;
				GCC_WARN_UNINITIALIZED_AUTOS = YES_AGGRESSIVE;
				GCC_WARN_UNUSED_FUNCTION = YES;
				GCC_WARN_UNUSED_VARIABLE = YES;
				IPHONEOS_DEPLOYMENT_TARGET = 18.2;
				LOCALIZATION_PREFERS_STRING_CATALOGS = YES;
				MTL_ENABLE_DEBUG_INFO = INCLUDE_SOURCE;
				MTL_FAST_MATH = YES;
				ONLY_ACTIVE_ARCH = YES;
				SDKROOT = iphoneos;
				SWIFT_ACTIVE_COMPILATION_CONDITIONS = "DEBUG $(inherited)";
				SWIFT_OPTIMIZATION_LEVEL = "-Onone";
			};
			name = Debug;
		};
		FCDC0A222F3BC787009A43D5 /* Release */ = {
			isa = XCBuildConfiguration;
			buildSettings = {
				ALWAYS_SEARCH_USER_PATHS = NO;
				ASSETCATALOG_COMPILER_GENERATE_SWIFT_ASSET_SYMBOL_EXTENSIONS = YES;
				CLANG_ANALYZER_NONNULL = YES;
				CLANG_ANALYZER_NUMBER_OBJECT_CONVERSION = YES_AGGRESSIVE;
				CLANG_CXX_LANGUAGE_STANDARD = "gnu++20";
				CLANG_ENABLE_MODULES = YES;
				CLANG_ENABLE_OBJC_ARC = YES;
				CLANG_ENABLE_OBJC_WEAK = YES;
				CLANG_WARN_BLOCK_CAPTURE_AUTORELEASING = YES;
				CLANG_WARN_BOOL_CONVERSION = YES;
				CLANG_WARN_COMMA = YES;
				CLANG_WARN_CONSTANT_CONVERSION = YES;
				CLANG_WARN_DEPRECATED_OBJC_IMPLEMENTATIONS = YES;
				CLANG_WARN_DIRECT_OBJC_ISA_USAGE = YES_ERROR;
				CLANG_WARN_DOCUMENTATION_COMMENTS = YES;
				CLANG_WARN_EMPTY_BODY = YES;
				CLANG_WARN_ENUM_CONVERSION = YES;
				CLANG_WARN_INFINITE_RECURSION = YES;
				CLANG_WARN_INT_CONVERSION = YES;
				CLANG_WARN_NON_LITERAL_NULL_CONVERSION = YES;
				CLANG_WARN_OBJC_IMPLICIT_RETAIN_SELF = YES;
				CLANG_WARN_OBJC_LITERAL_CONVERSION = YES;
				CLANG_WARN_OBJC_ROOT_CLASS = YES_ERROR;
				CLANG_WARN_QUOTED_INCLUDE_IN_FRAMEWORK_HEADER = YES;
				CLANG_WARN_RANGE_LOOP_ANALYSIS = YES;
				CLANG_WARN_STRICT_PROTOTYPES = YES;
				CLANG_WARN_SUSPICIOUS_MOVE = YES;
				CLANG_WARN_UNGUARDED_AVAILABILITY = YES_AGGRESSIVE;
				CLANG_WARN_UNREACHABLE_CODE = YES;
				CLANG_WARN__DUPLICATE_METHOD_MATCH = YES;
				COPY_PHASE_STRIP = NO;
				DEBUG_INFORMATION_FORMAT = "dwarf-with-dsym";
				ENABLE_NS_ASSERTIONS = NO;
				ENABLE_STRICT_OBJC_MSGSEND = YES;
				ENABLE_USER_SCRIPT_SANDBOXING = YES;
				GCC_C_LANGUAGE_STANDARD = gnu17;
				GCC_NO_COMMON_BLOCKS = YES;
				GCC_WARN_64_TO_32_BIT_CONVERSION = YES;
				GCC_WARN_ABOUT_RETURN_TYPE = YES_ERROR;
				GCC_WARN_UNDECLARED_SELECTOR = YES;
				GCC_WARN_UNINITIALIZED_AUTOS = YES_AGGRESSIVE;
				GCC_WARN_UNUSED_FUNCTION = YES;
				GCC_WARN_UNUSED_VARIABLE = YES;
				IPHONEOS_DEPLOYMENT_TARGET = 18.2;
				LOCALIZATION_PREFERS_STRING_CATALOGS = YES;
				MTL_ENABLE_DEBUG_INFO = NO;
				MTL_FAST_MATH = YES;
				SDKROOT = iphoneos;
				SWIFT_COMPILATION_MODE = wholemodule;
				VALIDATE_PRODUCT = YES;
			};
			name = Release;
		};
		FCDC0A242F3BC787009A43D5 /* Debug */ = {
			isa = XCBuildConfiguration;
			buildSettings = {
				ASSETCATALOG_COMPILER_APPICON_NAME = AppIcon;
				ASSETCATALOG_COMPILER_GLOBAL_ACCENT_COLOR_NAME = AccentColor;
				CODE_SIGN_STYLE = Automatic;
				CURRENT_PROJECT_VERSION = 1;
				DEVELOPMENT_ASSET_PATHS = "\"Campus_Library/Preview Content\"";
				ENABLE_PREVIEWS = YES;
				GENERATE_INFOPLIST_FILE = YES;
				INFOPLIST_KEY_UIApplicationSceneManifest_Generation = YES;
				INFOPLIST_KEY_UIApplicationSupportsIndirectInputEvents = YES;
				INFOPLIST_KEY_UILaunchScreen_Generation = YES;
				INFOPLIST_KEY_UISupportedInterfaceOrientations_iPad = "UIInterfaceOrientationPortrait UIInterfaceOrientationPortraitUpsideDown UIInterfaceOrientationLandscapeLeft UIInterfaceOrientationLandscapeRight";
				INFOPLIST_KEY_UISupportedInterfaceOrientations_iPhone = "UIInterfaceOrientationPortrait UIInterfaceOrientationLandscapeLeft UIInterfaceOrientationLandscapeRight";
				LD_RUNPATH_SEARCH_PATHS = (
					"$(inherited)",
					"@executable_path/Frameworks",
				);
				MARKETING_VERSION = 1.0;
				PRODUCT_BUNDLE_IDENTIFIER = "Ping.Campus-Library";
				PRODUCT_NAME = "$(TARGET_NAME)";
				SWIFT_EMIT_LOC_STRINGS = YES;
				SWIFT_VERSION = 5.0;
				TARGETED_DEVICE_FAMILY = "1,2";
			};
			name = Debug;
		};
		FCDC0A252F3BC787009A43D5 /* Release */ = {
			isa = XCBuildConfiguration;
			buildSettings = {
				ASSETCATALOG_COMPILER_APPICON_NAME = AppIcon;
				ASSETCATALOG_COMPILER_GLOBAL_ACCENT_COLOR_NAME = AccentColor;
				CODE_SIGN_STYLE = Automatic;
				CURRENT_PROJECT_VERSION = 1;
				DEVELOPMENT_ASSET_PATHS = "\"Campus_Library/Preview Content\"";
				ENABLE_PREVIEWS = YES;
				GENERATE_INFOPLIST_FILE = YES;
				INFOPLIST_KEY_UIApplicationSceneManifest_Generation = YES;
				INFOPLIST_KEY_UIApplicationSupportsIndirectInputEvents = YES;
				INFOPLIST_KEY_UILaunchScreen_Generation = YES;
				INFOPLIST_KEY_UISupportedInterfaceOrientations_iPad = "UIInterfaceOrientationPortrait UIInterfaceOrientationPortraitUpsideDown UIInterfaceOrientationLandscapeLeft UIInterfaceOrientationLandscapeRight";
				INFOPLIST_KEY_UISupportedInterfaceOrientations_iPhone = "UIInterfaceOrientationPortrait UIInterfaceOrientationLandscapeLeft UIInterfaceOrientationLandscapeRight";
				LD_RUNPATH_SEARCH_PATHS = (
					"$(inherited)",
					"@executable_path/Frameworks",
				);
				MARKETING_VERSION = 1.0;
				PRODUCT_BUNDLE_IDENTIFIER = "Ping.Campus-Library";
				PRODUCT_NAME = "$(TARGET_NAME)";
				SWIFT_EMIT_LOC_STRINGS = YES;
				SWIFT_VERSION = 5.0;
				TARGETED_DEVICE_FAMILY = "1,2";
			};
			name = Release;
		};
		FCDC0A272F3BC787009A43D5 /* Debug */ = {
			isa = XCBuildConfiguration;
			buildSettings = {
				BUNDLE_LOADER = "$(TEST_HOST)";
				CODE_SIGN_STYLE = Automatic;
				CURRENT_PROJECT_VERSION = 1;
				GENERATE_INFOPLIST_FILE = YES;
				IPHONEOS_DEPLOYMENT_TARGET = 18.2;
				MARKETING_VERSION = 1.0;
				PRODUCT_BUNDLE_IDENTIFIER = "Ping.Campus-LibraryTests";
				PRODUCT_NAME = "$(TARGET_NAME)";
				SWIFT_EMIT_LOC_STRINGS = NO;
				SWIFT_VERSION = 5.0;
				TARGETED_DEVICE_FAMILY = "1,2";
				TEST_HOST = "$(BUILT_PRODUCTS_DIR)/Campus_Library.app/$(BUNDLE_EXECUTABLE_FOLDER_PATH)/Campus_Library";
			};
			name = Debug;
		};
		FCDC0A282F3BC787009A43D5 /* Release */ = {
			isa = XCBuildConfiguration;
			buildSettings = {
				BUNDLE_LOADER = "$(TEST_HOST)";
				CODE_SIGN_STYLE = Automatic;
				CURRENT_PROJECT_VERSION = 1;
				GENERATE_INFOPLIST_FILE = YES;
				IPHONEOS_DEPLOYMENT_TARGET = 18.2;
				MARKETING_VERSION = 1.0;
				PRODUCT_BUNDLE_IDENTIFIER = "Ping.Campus-LibraryTests";
				PRODUCT_NAME = "$(TARGET_NAME)";
				SWIFT_EMIT_LOC_STRINGS = NO;
				SWIFT_VERSION = 5.0;
				TARGETED_DEVICE_FAMILY = "1,2";
				TEST_HOST = "$(BUILT_PRODUCTS_DIR)/Campus_Library.app/$(BUNDLE_EXECUTABLE_FOLDER_PATH)/Campus_Library";
			};
			name = Release;
		};
		FCDC0A2A2F3BC787009A43D5 /* Debug */ = {
			isa = XCBuildConfiguration;
			buildSettings = {
				CODE_SIGN_STYLE = Automatic;
				CURRENT_PROJECT_VERSION = 1;
				GENERATE_INFOPLIST_FILE = YES;
				MARKETING_VERSION = 1.0;
				PRODUCT_BUNDLE_IDENTIFIER = "Ping.Campus-LibraryUITests";
				PRODUCT_NAME = "$(TARGET_NAME)";
				SWIFT_EMIT_LOC_STRINGS = NO;
				SWIFT_VERSION = 5.0;
				TARGETED_DEVICE_FAMILY = "1,2";
				TEST_TARGET_NAME = Campus_Library;
			};
			name = Debug;
		};
		FCDC0A2B2F3BC787009A43D5 /* Release */ = {
			isa = XCBuildConfiguration;
			buildSettings = {
				CODE_SIGN_STYLE = Automatic;
				CURRENT_PROJECT_VERSION = 1;
				GENERATE_INFOPLIST_FILE = YES;
				MARKETING_VERSION = 1.0;
				PRODUCT_BUNDLE_IDENTIFIER = "Ping.Campus-LibraryUITests";
				PRODUCT_NAME = "$(TARGET_NAME)";
				SWIFT_EMIT_LOC_STRINGS = NO;
				SWIFT_VERSION = 5.0;
				TARGETED_DEVICE_FAMILY = "1,2";
				TEST_TARGET_NAME = Campus_Library;
			};
			name = Release;
		};
/* End XCBuildConfiguration section */

/* Begin XCConfigurationList section */
		FCDC09F52F3BC785009A43D5 /* Build configuration list for PBXProject "Campus_Library" */ = {
			isa = XCConfigurationList;
			buildConfigurations = (
				FCDC0A212F3BC787009A43D5 /* Debug */,
				FCDC0A222F3BC787009A43D5 /* Release */,
			);
			defaultConfigurationIsVisible = 0;
			defaultConfigurationName = Release;
		};
		FCDC0A232F3BC787009A43D5 /* Build configuration list for PBXNativeTarget "Campus_Library" */ = {
			isa = XCConfigurationList;
			buildConfigurations = (
				FCDC0A242F3BC787009A43D5 /* Debug */,
				FCDC0A252F3BC787009A43D5 /* Release */,
			);
			defaultConfigurationIsVisible = 0;
			defaultConfigurationName = Release;
		};
		FCDC0A262F3BC787009A43D5 /* Build configuration list for PBXNativeTarget "Campus_LibraryTests" */ = {
			isa = XCConfigurationList;
			buildConfigurations = (
				FCDC0A272F3BC787009A43D5 /* Debug */,
				FCDC0A282F3BC787009A43D5 /* Release */,
			);
			defaultConfigurationIsVisible = 0;
			defaultConfigurationName = Release;
		};
		FCDC0A292F3BC787009A43D5 /* Build configuration list for PBXNativeTarget "Campus_LibraryUITests" */ = {
			isa = XCConfigurationList;
			buildConfigurations = (
				FCDC0A2A2F3BC787009A43D5 /* Debug */,
				FCDC0A2B2F3BC787009A43D5 /* Release */,
			);
			defaultConfigurationIsVisible = 0;
			defaultConfigurationName = Release;
		};
/* End XCConfigurationList section */
	};
	rootObject = FCDC09F22F3BC785009A43D5 /* Project object */;
}
